
Microsoft Visual Studio Solution File, Format Version 12.00
# Visual Studio Version 17
VisualStudioVersion = 17.3.32929.385
MinimumVisualStudioVersion = 10.0.40219.1
Project("{9A19103F-16F7-4668-BE54-9A1E7A4F7556}") = "Webhooks", "src\Webhooks.csproj", "{9A1A6163-5876-43DB-ADC5-89207BB1E101}"
EndProject
Project("{9A19103F-16F7-4668-BE54-9A1E7A4F7556}") = "alloy", "Alloy\alloy.csproj", "{97176640-12DC-46A8-BE28-06F2C24EF7C8}"
EndProject
Global
	GlobalSection(SolutionConfigurationPlatforms) = preSolution
		Debug|Any CPU = Debug|Any CPU
		Release|Any CPU = Release|Any CPU
	EndGlobalSection
	GlobalSection(ProjectConfigurationPlatforms) = postSolution
		{9A1A6163-5876-43DB-ADC5-89207BB1E101}.Debug|Any CPU.ActiveCfg = Debug|Any CPU
		{9A1A6163-5876-43DB-ADC5-89207BB1E101}.Debug|Any CPU.Build.0 = Debug|Any CPU
		{9A1A6163-5876-43DB-ADC5-89207BB1E101}.Release|Any CPU.ActiveCfg = Release|Any CPU
		{9A1A6163-5876-43DB-ADC5-89207BB1E101}.Release|Any CPU.Build.0 = Release|Any CPU
		{97176640-12DC-46A8-BE28-06F2C24EF7C8}.Debug|Any CPU.ActiveCfg = Debug|Any CPU
		{97176640-12DC-46A8-BE28-06F2C24EF7C8}.Debug|Any CPU.Build.0 = Debug|Any CPU
		{97176640-12DC-46A8-BE28-06F2C24EF7C8}.Release|Any CPU.ActiveCfg = Release|Any CPU
		{97176640-12DC-46A8-BE28-06F2C24EF7C8}.Release|Any CPU.Build.0 = Release|Any CPU
	EndGlobalSection
	GlobalSection(SolutionProperties) = preSolution
		HideSolutionNode = FALSE
	EndGlobalSection
	GlobalSection(ExtensibilityGlobals) = postSolution
		SolutionGuid = {96187FD1-D425-4350-A20A-A0F71C0519D7}
	EndGlobalSection
EndGlobal
